# This file is automatically @generated by Wally.
# It is not intended for manual editing.
registry = "test"

[[package]]
name = "coffe/maze"
version = "0.1.0"
dependencies = [["gameanalytics-sdk", "gameanalytics/gameanalytics-sdk@2.2.2"]]

[[package]]
name = "gameanalytics/gameanalytics-sdk"
version = "2.2.2"
dependencies = []
